// !$*UTF8*$!
{
	archiveVersion = 1;
	classes = {
	};
	objectVersion = 50;
	objects = {

/* Begin PBXBuildFile section */
		B813C8C7251BD0E900F063A3 /* AppDelegate.swift in Sources */ = {isa = PBXBuildFile; fileRef = B813C8C6251BD0E900F063A3 /* AppDelegate.swift */; };
		B813C8C9251BD0E900F063A3 /* ContentView.swift in Sources */ = {isa = PBXBuildFile; fileRef = B813C8C8251BD0E900F063A3 /* ContentView.swift */; };
		B813C8CB251BD0EA00F063A3 /* Assets.xcassets in Resources */ = {isa = PBXBuildFile; fileRef = B813C8CA251BD0EA00F063A3 /* Assets.xcassets */; };
		B813C8CE251BD0EA00F063A3 /* Preview Assets.xcassets in Resources */ = {isa = PBXBuildFile; fileRef = B813C8CD251BD0EA00F063A3 /* Preview Assets.xcassets */; };
		B813C8D1251BD0EA00F063A3 /* Main.storyboard in Resources */ = {isa = PBXBuildFile; fileRef = B813C8CF251BD0EA00F063A3 /* Main.storyboard */; };
		B813C8DD251BD0EB00F063A3 /* AQITests.swift in Sources */ = {isa = PBXBuildFile; fileRef = B813C8DC251BD0EB00F063A3 /* AQITests.swift */; };
		B813C8E8251BD0EB00F063A3 /* AQIUITests.swift in Sources */ = {isa = PBXBuildFile; fileRef = B813C8E7251BD0EB00F063A3 /* AQIUITests.swift */; };
/* End PBXBuildFile section */

/* Begin PBXContainerItemProxy section */
		B813C8D9251BD0EB00F063A3 /* PBXContainerItemProxy */ = {
			isa = PBXContainerItemProxy;
			containerPortal = B813C8BB251BD0E900F063A3 /* Project object */;
			proxyType = 1;
			remoteGlobalIDString = B813C8C2251BD0E900F063A3;
			remoteInfo = AQI;
		};
		B813C8E4251BD0EB00F063A3 /* PBXContainerItemProxy */ = {
			isa = PBXContainerItemProxy;
			containerPortal = B813C8BB251BD0E900F063A3 /* Project object */;
			proxyType = 1;
			remoteGlobalIDString = B813C8C2251BD0E900F063A3;
			remoteInfo = AQI;
		};
/* End PBXContainerItemProxy section */

/* Begin PBXFileReference section */
		B813C8C3251BD0E900F063A3 /* AQI.app */ = {isa = PBXFileReference; explicitFileType = wrapper.application; includeInIndex = 0; path = AQI.app; sourceTree = BUILT_PRODUCTS_DIR; };
		B813C8C6251BD0E900F063A3 /* AppDelegate.swift */ = {isa = PBXFileReference; lastKnownFileType = sourcecode.swift; path = AppDelegate.swift; sourceTree = "<group>"; };
		B813C8C8251BD0E900F063A3 /* ContentView.swift */ = {isa = PBXFileReference; lastKnownFileType = sourcecode.swift; path = ContentView.swift; sourceTree = "<group>"; };
		B813C8CA251BD0EA00F063A3 /* Assets.xcassets */ = {isa = PBXFileReference; lastKnownFileType = folder.assetcatalog; path = Assets.xcassets; sourceTree = "<group>"; };
		B813C8CD251BD0EA00F063A3 /* Preview Assets.xcassets */ = {isa = PBXFileReference; lastKnownFileType = folder.assetcatalog; path = "Preview Assets.xcassets"; sourceTree = "<group>"; };
		B813C8D0251BD0EA00F063A3 /* Base */ = {isa = PBXFileReference; lastKnownFileType = file.storyboard; name = Base; path = Base.lproj/Main.storyboard; sourceTree = "<group>"; };
		B813C8D2251BD0EA00F063A3 /* Info.plist */ = {isa = PBXFileReference; lastKnownFileType = text.plist.xml; path = Info.plist; sourceTree = "<group>"; };
		B813C8D3251BD0EA00F063A3 /* AQI.entitlements */ = {isa = PBXFileReference; lastKnownFileType = text.plist.entitlements; path = AQI.entitlements; sourceTree = "<group>"; };
		B813C8D8251BD0EB00F063A3 /* AQITests.xctest */ = {isa = PBXFileReference; explicitFileType = wrapper.cfbundle; includeInIndex = 0; path = AQITests.xctest; sourceTree = BUILT_PRODUCTS_DIR; };
		B813C8DC251BD0EB00F063A3 /* AQITests.swift */ = {isa = PBXFileReference; lastKnownFileType = sourcecode.swift; path = AQITests.swift; sourceTree = "<group>"; };
		B813C8DE251BD0EB00F063A3 /* Info.plist */ = {isa = PBXFileReference; lastKnownFileType = text.plist.xml; path = Info.plist; sourceTree = "<group>"; };
		B813C8E3251BD0EB00F063A3 /* AQIUITests.xctest */ = {isa = PBXFileReference; explicitFileType = wrapper.cfbundle; includeInIndex = 0; path = AQIUITests.xctest; sourceTree = BUILT_PRODUCTS_DIR; };
		B813C8E7251BD0EB00F063A3 /* AQIUITests.swift */ = {isa = PBXFileReference; lastKnownFileType = sourcecode.swift; path = AQIUITests.swift; sourceTree = "<group>"; };
		B813C8E9251BD0EB00F063A3 /* Info.plist */ = {isa = PBXFileReference; lastKnownFileType = text.plist.xml; path = Info.plist; sourceTree = "<group>"; };
		B825CE75251C0CE9009B3DC3 /* AQI copy-Info.plist */ = {isa = PBXFileReference; lastKnownFileType = text.plist.xml; name = "AQI copy-Info.plist"; path = "/Users/juno/Code/AQI/AQI copy-Info.plist"; sourceTree = "<absolute>"; };
/* End PBXFileReference section */

/* Begin PBXFrameworksBuildPhase section */
		B813C8C0251BD0E900F063A3 /* Frameworks */ = {
			isa = PBXFrameworksBuildPhase;
			buildActionMask = 2147483647;
			files = (
			);
			runOnlyForDeploymentPostprocessing = 0;
		};
		B813C8D5251BD0EB00F063A3 /* Frameworks */ = {
			isa = PBXFrameworksBuildPhase;
			buildActionMask = 2147483647;
			files = (
			);
			runOnlyForDeploymentPostprocessing = 0;
		};
		B813C8E0251BD0EB00F063A3 /* Frameworks */ = {
			isa = PBXFrameworksBuildPhase;
			buildActionMask = 2147483647;
			files = (
			);
			runOnlyForDeploymentPostprocessing = 0;
		};
/* End PBXFrameworksBuildPhase section */

/* Begin PBXGroup section */
		B813C8BA251BD0E900F063A3 = {
			isa = PBXGroup;
			children = (
				B813C8C5251BD0E900F063A3 /* AQI */,
				B813C8DB251BD0EB00F063A3 /* AQITests */,
				B813C8E6251BD0EB00F063A3 /* AQIUITests */,
				B813C8C4251BD0E900F063A3 /* Products */,
				B825CE75251C0CE9009B3DC3 /* AQI copy-Info.plist */,
			);
			sourceTree = "<group>";
		};
		B813C8C4251BD0E900F063A3 /* Products */ = {
			isa = PBXGroup;
			children = (
				B813C8C3251BD0E900F063A3 /* AQI.app */,
				B813C8D8251BD0EB00F063A3 /* AQITests.xctest */,
				B813C8E3251BD0EB00F063A3 /* AQIUITests.xctest */,
			);
			name = Products;
			sourceTree = "<group>";
		};
		B813C8C5251BD0E900F063A3 /* AQI */ = {
			isa = PBXGroup;
			children = (
				B813C8C6251BD0E900F063A3 /* AppDelegate.swift */,
				B813C8C8251BD0E900F063A3 /* ContentView.swift */,
				B813C8CA251BD0EA00F063A3 /* Assets.xcassets */,
				B813C8CF251BD0EA00F063A3 /* Main.storyboard */,
				B813C8D2251BD0EA00F063A3 /* Info.plist */,
				B813C8D3251BD0EA00F063A3 /* AQI.entitlements */,
				B813C8CC251BD0EA00F063A3 /* Preview Content */,
			);
			path = AQI;
			sourceTree = "<group>";
		};
		B813C8CC251BD0EA00F063A3 /* Preview Content */ = {
			isa = PBXGroup;
			children = (
				B813C8CD251BD0EA00F063A3 /* Preview Assets.xcassets */,
			);
			path = "Preview Content";
			sourceTree = "<group>";
		};
		B813C8DB251BD0EB00F063A3 /* AQITests */ = {
			isa = PBXGroup;
			children = (
				B813C8DC251BD0EB00F063A3 /* AQITests.swift */,
				B813C8DE251BD0EB00F063A3 /* Info.plist */,
			);
			path = AQITests;
			sourceTree = "<group>";
		};
		B813C8E6251BD0EB00F063A3 /* AQIUITests */ = {
			isa = PBXGroup;
			children = (
				B813C8E7251BD0EB00F063A3 /* AQIUITests.swift */,
				B813C8E9251BD0EB00F063A3 /* Info.plist */,
			);
			path = AQIUITests;
			sourceTree = "<group>";
		};
/* End PBXGroup section */

/* Begin PBXNativeTarget section */
		B813C8C2251BD0E900F063A3 /* AQI */ = {
			isa = PBXNativeTarget;
			buildConfigurationList = B813C8EC251BD0EB00F063A3 /* Build configuration list for PBXNativeTarget "AQI" */;
			buildPhases = (
				B813C8BF251BD0E900F063A3 /* Sources */,
				B813C8C0251BD0E900F063A3 /* Frameworks */,
				B813C8C1251BD0E900F063A3 /* Resources */,
			);
			buildRules = (
			);
			dependencies = (
			);
			name = AQI;
			productName = AQI;
			productReference = B813C8C3251BD0E900F063A3 /* AQI.app */;
			productType = "com.apple.product-type.application";
		};
		B813C8D7251BD0EB00F063A3 /* AQITests */ = {
			isa = PBXNativeTarget;
			buildConfigurationList = B813C8EF251BD0EB00F063A3 /* Build configuration list for PBXNativeTarget "AQITests" */;
			buildPhases = (
				B813C8D4251BD0EB00F063A3 /* Sources */,
				B813C8D5251BD0EB00F063A3 /* Frameworks */,
				B813C8D6251BD0EB00F063A3 /* Resources */,
			);
			buildRules = (
			);
			dependencies = (
				B813C8DA251BD0EB00F063A3 /* PBXTargetDependency */,
			);
			name = AQITests;
			productName = AQITests;
			productReference = B813C8D8251BD0EB00F063A3 /* AQITests.xctest */;
			productType = "com.apple.product-type.bundle.unit-test";
		};
		B813C8E2251BD0EB00F063A3 /* AQIUITests */ = {
			isa = PBXNativeTarget;
			buildConfigurationList = B813C8F2251BD0EB00F063A3 /* Build configuration list for PBXNativeTarget "AQIUITests" */;
			buildPhases = (
				B813C8DF251BD0EB00F063A3 /* Sources */,
				B813C8E0251BD0EB00F063A3 /* Frameworks */,
				B813C8E1251BD0EB00F063A3 /* Resources */,
			);
			buildRules = (
			);
			dependencies = (
				B813C8E5251BD0EB00F063A3 /* PBXTargetDependency */,
			);
			name = AQIUITests;
			productName = AQIUITests;
			productReference = B813C8E3251BD0EB00F063A3 /* AQIUITests.xctest */;
			productType = "com.apple.product-type.bundle.ui-testing";
		};
/* End PBXNativeTarget section */

/* Begin PBXProject section */
		B813C8BB251BD0E900F063A3 /* Project object */ = {
			isa = PBXProject;
			attributes = {
				LastSwiftUpdateCheck = 1200;
				LastUpgradeCheck = 1200;
				TargetAttributes = {
					B813C8C2251BD0E900F063A3 = {
						CreatedOnToolsVersion = 12.0;
					};
					B813C8D7251BD0EB00F063A3 = {
						CreatedOnToolsVersion = 12.0;
						TestTargetID = B813C8C2251BD0E900F063A3;
					};
					B813C8E2251BD0EB00F063A3 = {
						CreatedOnToolsVersion = 12.0;
						TestTargetID = B813C8C2251BD0E900F063A3;
					};
				};
			};
			buildConfigurationList = B813C8BE251BD0E900F063A3 /* Build configuration list for PBXProject "AQI" */;
			compatibilityVersion = "Xcode 9.3";
			developmentRegion = en;
			hasScannedForEncodings = 0;
			knownRegions = (
				en,
				Base,
			);
			mainGroup = B813C8BA251BD0E900F063A3;
			productRefGroup = B813C8C4251BD0E900F063A3 /* Products */;
			projectDirPath = "";
			projectRoot = "";
			targets = (
				B813C8C2251BD0E900F063A3 /* AQI */,
				B813C8D7251BD0EB00F063A3 /* AQITests */,
				B813C8E2251BD0EB00F063A3 /* AQIUITests */,
			);
		};
/* End PBXProject section */

/* Begin PBXResourcesBuildPhase section */
		B813C8C1251BD0E900F063A3 /* Resources */ = {
			isa = PBXResourcesBuildPhase;
			buildActionMask = 2147483647;
			files = (
				B813C8D1251BD0EA00F063A3 /* Main.storyboard in Resources */,
				B813C8CE251BD0EA00F063A3 /* Preview Assets.xcassets in Resources */,
				B813C8CB251BD0EA00F063A3 /* Assets.xcassets in Resources */,
			);
			runOnlyForDeploymentPostprocessing = 0;
		};
		B813C8D6251BD0EB00F063A3 /* Resources */ = {
			isa = PBXResourcesBuildPhase;
			buildActionMask = 2147483647;
			files = (
			);
			runOnlyForDeploymentPostprocessing = 0;
		};
		B813C8E1251BD0EB00F063A3 /* Resources */ = {
			isa = PBXResourcesBuildPhase;
			buildActionMask = 2147483647;
			files = (
			);
			runOnlyForDeploymentPostprocessing = 0;
		};
/* End PBXResourcesBuildPhase section */

/* Begin PBXSourcesBuildPhase section */
		B813C8BF251BD0E900F063A3 /* Sources */ = {
			isa = PBXSourcesBuildPhase;
			buildActionMask = 2147483647;
			files = (
				B813C8C9251BD0E900F063A3 /* ContentView.swift in Sources */,
				B813C8C7251BD0E900F063A3 /* AppDelegate.swift in Sources */,
			);
			runOnlyForDeploymentPostprocessing = 0;
		};
		B813C8D4251BD0EB00F063A3 /* Sources */ = {
			isa = PBXSourcesBuildPhase;
			buildActionMask = 2147483647;
			files = (
				B813C8DD251BD0EB00F063A3 /* AQITests.swift in Sources */,
			);
			runOnlyForDeploymentPostprocessing = 0;
		};
		B813C8DF251BD0EB00F063A3 /* Sources */ = {
			isa = PBXSourcesBuildPhase;
			buildActionMask = 2147483647;
			files = (
				B813C8E8251BD0EB00F063A3 /* AQIUITests.swift in Sources */,
			);
			runOnlyForDeploymentPostprocessing = 0;
		};
/* End PBXSourcesBuildPhase section */

/* Begin PBXTargetDependency section */
		B813C8DA251BD0EB00F063A3 /* PBXTargetDependency */ = {
			isa = PBXTargetDependency;
			target = B813C8C2251BD0E900F063A3 /* AQI */;
			targetProxy = B813C8D9251BD0EB00F063A3 /* PBXContainerItemProxy */;
		};
		B813C8E5251BD0EB00F063A3 /* PBXTargetDependency */ = {
			isa = PBXTargetDependency;
			target = B813C8C2251BD0E900F063A3 /* AQI */;
			targetProxy = B813C8E4251BD0EB00F063A3 /* PBXContainerItemProxy */;
		};
/* End PBXTargetDependency section */

/* Begin PBXVariantGroup section */
		B813C8CF251BD0EA00F063A3 /* Main.storyboard */ = {
			isa = PBXVariantGroup;
			children = (
				B813C8D0251BD0EA00F063A3 /* Base */,
			);
			name = Main.storyboard;
			sourceTree = "<group>";
		};
/* End PBXVariantGroup section */

/* Begin XCBuildConfiguration section */
		B813C8EA251BD0EB00F063A3 /* Debug */ = {
			isa = XCBuildConfiguration;
			buildSettings = {
				ALWAYS_SEARCH_USER_PATHS = NO;
				CLANG_ANALYZER_NONNULL = YES;
				CLANG_ANALYZER_NUMBER_OBJECT_CONVERSION = YES_AGGRESSIVE;
				CLANG_CXX_LANGUAGE_STANDARD = "gnu++14";
				CLANG_CXX_LIBRARY = "libc++";
				CLANG_ENABLE_MODULES = YES;
				CLANG_ENABLE_OBJC_ARC = YES;
				CLANG_ENABLE_OBJC_WEAK = YES;
				CLANG_WARN_BLOCK_CAPTURE_AUTORELEASING = YES;
				CLANG_WARN_BOOL_CONVERSION = YES;
				CLANG_WARN_COMMA = YES;
				CLANG_WARN_CONSTANT_CONVERSION = YES;
				CLANG_WARN_DEPRECATED_OBJC_IMPLEMENTATIONS = YES;
				CLANG_WARN_DIRECT_OBJC_ISA_USAGE = YES_ERROR;
				CLANG_WARN_DOCUMENTATION_COMMENTS = YES;
				CLANG_WARN_EMPTY_BODY = YES;
				CLANG_WARN_ENUM_CONVERSION = YES;
				CLANG_WARN_INFINITE_RECURSION = YES;
				CLANG_WARN_INT_CONVERSION = YES;
				CLANG_WARN_NON_LITERAL_NULL_CONVERSION = YES;
				CLANG_WARN_OBJC_IMPLICIT_RETAIN_SELF = YES;
				CLANG_WARN_OBJC_LITERAL_CONVERSION = YES;
				CLANG_WARN_OBJC_ROOT_CLASS = YES_ERROR;
				CLANG_WARN_QUOTED_INCLUDE_IN_FRAMEWORK_HEADER = YES;
				CLANG_WARN_RANGE_LOOP_ANALYSIS = YES;
				CLANG_WARN_STRICT_PROTOTYPES = YES;
				CLANG_WARN_SUSPICIOUS_MOVE = YES;
				CLANG_WARN_UNGUARDED_AVAILABILITY = YES_AGGRESSIVE;
				CLANG_WARN_UNREACHABLE_CODE = YES;
				CLANG_WARN__DUPLICATE_METHOD_MATCH = YES;
				COPY_PHASE_STRIP = NO;
				DEBUG_INFORMATION_FORMAT = dwarf;
				ENABLE_STRICT_OBJC_MSGSEND = YES;
				ENABLE_TESTABILITY = YES;
				GCC_C_LANGUAGE_STANDARD = gnu11;
				GCC_DYNAMIC_NO_PIC = NO;
				GCC_NO_COMMON_BLOCKS = YES;
				GCC_OPTIMIZATION_LEVEL = 0;
				GCC_PREPROCESSOR_DEFINITIONS = (
					"DEBUG=1",
					"$(inherited)",
				);
				GCC_WARN_64_TO_32_BIT_CONVERSION = YES;
				GCC_WARN_ABOUT_RETURN_TYPE = YES_ERROR;
				GCC_WARN_UNDECLARED_SELECTOR = YES;
				GCC_WARN_UNINITIALIZED_AUTOS = YES_AGGRESSIVE;
				GCC_WARN_UNUSED_FUNCTION = YES;
				GCC_WARN_UNUSED_VARIABLE = YES;
				MACOSX_DEPLOYMENT_TARGET = 10.15;
				MTL_ENABLE_DEBUG_INFO = INCLUDE_SOURCE;
				MTL_FAST_MATH = YES;
				ONLY_ACTIVE_ARCH = YES;
				SDKROOT = macosx;
				SWIFT_ACTIVE_COMPILATION_CONDITIONS = DEBUG;
				SWIFT_OPTIMIZATION_LEVEL = "-Onone";
			};
			name = Debug;
		};
		B813C8EB251BD0EB00F063A3 /* Release */ = {
			isa = XCBuildConfiguration;
			buildSettings = {
				ALWAYS_SEARCH_USER_PATHS = NO;
				CLANG_ANALYZER_NONNULL = YES;
				CLANG_ANALYZER_NUMBER_OBJECT_CONVERSION = YES_AGGRESSIVE;
				CLANG_CXX_LANGUAGE_STANDARD = "gnu++14";
				CLANG_CXX_LIBRARY = "libc++";
				CLANG_ENABLE_MODULES = YES;
				CLANG_ENABLE_OBJC_ARC = YES;
				CLANG_ENABLE_OBJC_WEAK = YES;
				CLANG_WARN_BLOCK_CAPTURE_AUTORELEASING = YES;
				CLANG_WARN_BOOL_CONVERSION = YES;
				CLANG_WARN_COMMA = YES;
				CLANG_WARN_CONSTANT_CONVERSION = YES;
				CLANG_WARN_DEPRECATED_OBJC_IMPLEMENTATIONS = YES;
				CLANG_WARN_DIRECT_OBJC_ISA_USAGE = YES_ERROR;
				CLANG_WARN_DOCUMENTATION_COMMENTS = YES;
				CLANG_WARN_EMPTY_BODY = YES;
				CLANG_WARN_ENUM_CONVERSION = YES;
				CLANG_WARN_INFINITE_RECURSION = YES;
				CLANG_WARN_INT_CONVERSION = YES;
				CLANG_WARN_NON_LITERAL_NULL_CONVERSION = YES;
				CLANG_WARN_OBJC_IMPLICIT_RETAIN_SELF = YES;
				CLANG_WARN_OBJC_LITERAL_CONVERSION = YES;
				CLANG_WARN_OBJC_ROOT_CLASS = YES_ERROR;
				CLANG_WARN_QUOTED_INCLUDE_IN_FRAMEWORK_HEADER = YES;
				CLANG_WARN_RANGE_LOOP_ANALYSIS = YES;
				CLANG_WARN_STRICT_PROTOTYPES = YES;
				CLANG_WARN_SUSPICIOUS_MOVE = YES;
				CLANG_WARN_UNGUARDED_AVAILABILITY = YES_AGGRESSIVE;
				CLANG_WARN_UNREACHABLE_CODE = YES;
				CLANG_WARN__DUPLICATE_METHOD_MATCH = YES;
				COPY_PHASE_STRIP = NO;
				DEBUG_INFORMATION_FORMAT = "dwarf-with-dsym";
				ENABLE_NS_ASSERTIONS = NO;
				ENABLE_STRICT_OBJC_MSGSEND = YES;
				GCC_C_LANGUAGE_STANDARD = gnu11;
				GCC_NO_COMMON_BLOCKS = YES;
				GCC_WARN_64_TO_32_BIT_CONVERSION = YES;
				GCC_WARN_ABOUT_RETURN_TYPE = YES_ERROR;
				GCC_WARN_UNDECLARED_SELECTOR = YES;
				GCC_WARN_UNINITIALIZED_AUTOS = YES_AGGRESSIVE;
				GCC_WARN_UNUSED_FUNCTION = YES;
				GCC_WARN_UNUSED_VARIABLE = YES;
				MACOSX_DEPLOYMENT_TARGET = 10.15;
				MTL_ENABLE_DEBUG_INFO = NO;
				MTL_FAST_MATH = YES;
				SDKROOT = macosx;
				SWIFT_COMPILATION_MODE = wholemodule;
				SWIFT_OPTIMIZATION_LEVEL = "-O";
			};
			name = Release;
		};
		B813C8ED251BD0EB00F063A3 /* Debug */ = {
			isa = XCBuildConfiguration;
			buildSettings = {
				ASSETCATALOG_COMPILER_APPICON_NAME = AppIcon;
				ASSETCATALOG_COMPILER_GLOBAL_ACCENT_COLOR_NAME = AccentColor;
				CODE_SIGN_ENTITLEMENTS = AQI/AQI.entitlements;
				CODE_SIGN_STYLE = Automatic;
				COMBINE_HIDPI_IMAGES = YES;
				DEVELOPMENT_ASSET_PATHS = "\"AQI/Preview Content\"";
				ENABLE_PREVIEWS = YES;
				INFOPLIST_FILE = AQI/Info.plist;
				LD_RUNPATH_SEARCH_PATHS = (
					"$(inherited)",
					"@executable_path/../Frameworks",
				);
				MACOSX_DEPLOYMENT_TARGET = 10.15;
				PRODUCT_BUNDLE_IDENTIFIER = earth.AQI;
				PRODUCT_NAME = "$(TARGET_NAME)";
				SWIFT_VERSION = 5.0;
			};
			name = Debug;
		};
		B813C8EE251BD0EB00F063A3 /* Release */ = {
			isa = XCBuildConfiguration;
			buildSettings = {
				ASSETCATALOG_COMPILER_APPICON_NAME = AppIcon;
				ASSETCATALOG_COMPILER_GLOBAL_ACCENT_COLOR_NAME = AccentColor;
				CODE_SIGN_ENTITLEMENTS = AQI/AQI.entitlements;
				CODE_SIGN_STYLE = Automatic;
				COMBINE_HIDPI_IMAGES = YES;
				DEVELOPMENT_ASSET_PATHS = "\"AQI/Preview Content\"";
				ENABLE_PREVIEWS = YES;
				INFOPLIST_FILE = AQI/Info.plist;
				LD_RUNPATH_SEARCH_PATHS = (
					"$(inherited)",
					"@executable_path/../Frameworks",
				);
				MACOSX_DEPLOYMENT_TARGET = 10.15;
				PRODUCT_BUNDLE_IDENTIFIER = earth.AQI;
				PRODUCT_NAME = "$(TARGET_NAME)";
				SWIFT_VERSION = 5.0;
			};
			name = Release;
		};
		B813C8F0251BD0EB00F063A3 /* Debug */ = {
			isa = XCBuildConfiguration;
			buildSettings = {
				ALWAYS_EMBED_SWIFT_STANDARD_LIBRARIES = YES;
				BUNDLE_LOADER = "$(TEST_HOST)";
				CODE_SIGN_STYLE = Automatic;
				COMBINE_HIDPI_IMAGES = YES;
				INFOPLIST_FILE = AQITests/Info.plist;
				LD_RUNPATH_SEARCH_PATHS = (
					"$(inherited)",
					"@executable_path/../Frameworks",
					"@loader_path/../Frameworks",
				);
				MACOSX_DEPLOYMENT_TARGET = 10.15;
				PRODUCT_BUNDLE_IDENTIFIER = earth.AQITests;
				PRODUCT_NAME = "$(TARGET_NAME)";
				SWIFT_VERSION = 5.0;
				TEST_HOST = "$(BUILT_PRODUCTS_DIR)/AQI.app/Contents/MacOS/AQI";
			};
			name = Debug;
		};
		B813C8F1251BD0EB00F063A3 /* Release */ = {
			isa = XCBuildConfiguration;
			buildSettings = {
				ALWAYS_EMBED_SWIFT_STANDARD_LIBRARIES = YES;
				BUNDLE_LOADER = "$(TEST_HOST)";
				CODE_SIGN_STYLE = Automatic;
				COMBINE_HIDPI_IMAGES = YES;
				INFOPLIST_FILE = AQITests/Info.plist;
				LD_RUNPATH_SEARCH_PATHS = (
					"$(inherited)",
					"@executable_path/../Frameworks",
					"@loader_path/../Frameworks",
				);
				MACOSX_DEPLOYMENT_TARGET = 10.15;
				PRODUCT_BUNDLE_IDENTIFIER = earth.AQITests;
				PRODUCT_NAME = "$(TARGET_NAME)";
				SWIFT_VERSION = 5.0;
				TEST_HOST = "$(BUILT_PRODUCTS_DIR)/AQI.app/Contents/MacOS/AQI";
			};
			name = Release;
		};
		B813C8F3251BD0EB00F063A3 /* Debug */ = {
			isa = XCBuildConfiguration;
			buildSettings = {
				ALWAYS_EMBED_SWIFT_STANDARD_LIBRARIES = YES;
				CODE_SIGN_STYLE = Automatic;
				COMBINE_HIDPI_IMAGES = YES;
				INFOPLIST_FILE = AQIUITests/Info.plist;
				LD_RUNPATH_SEARCH_PATHS = (
					"$(inherited)",
					"@executable_path/../Frameworks",
					"@loader_path/../Frameworks",
				);
				PRODUCT_BUNDLE_IDENTIFIER = earth.AQIUITests;
				PRODUCT_NAME = "$(TARGET_NAME)";
				SWIFT_VERSION = 5.0;
				TEST_TARGET_NAME = AQI;
			};
			name = Debug;
		};
		B813C8F4251BD0EB00F063A3 /* Release */ = {
			isa = XCBuildConfiguration;
			buildSettings = {
				ALWAYS_EMBED_SWIFT_STANDARD_LIBRARIES = YES;
				CODE_SIGN_STYLE = Automatic;
				COMBINE_HIDPI_IMAGES = YES;
				INFOPLIST_FILE = AQIUITests/Info.plist;
				LD_RUNPATH_SEARCH_PATHS = (
					"$(inherited)",
					"@executable_path/../Frameworks",
					"@loader_path/../Frameworks",
				);
				PRODUCT_BUNDLE_IDENTIFIER = earth.AQIUITests;
				PRODUCT_NAME = "$(TARGET_NAME)";
				SWIFT_VERSION = 5.0;
				TEST_TARGET_NAME = AQI;
			};
			name = Release;
		};
/* End XCBuildConfiguration section */

/* Begin XCConfigurationList section */
		B813C8BE251BD0E900F063A3 /* Build configuration list for PBXProject "AQI" */ = {
			isa = XCConfigurationList;
			buildConfigurations = (
				B813C8EA251BD0EB00F063A3 /* Debug */,
				B813C8EB251BD0EB00F063A3 /* Release */,
			);
			defaultConfigurationIsVisible = 0;
			defaultConfigurationName = Release;
		};
		B813C8EC251BD0EB00F063A3 /* Build configuration list for PBXNativeTarget "AQI" */ = {
			isa = XCConfigurationList;
			buildConfigurations = (
				B813C8ED251BD0EB00F063A3 /* Debug */,
				B813C8EE251BD0EB00F063A3 /* Release */,
			);
			defaultConfigurationIsVisible = 0;
			defaultConfigurationName = Release;
		};
		B813C8EF251BD0EB00F063A3 /* Build configuration list for PBXNativeTarget "AQITests" */ = {
			isa = XCConfigurationList;
			buildConfigurations = (
				B813C8F0251BD0EB00F063A3 /* Debug */,
				B813C8F1251BD0EB00F063A3 /* Release */,
			);
			defaultConfigurationIsVisible = 0;
			defaultConfigurationName = Release;
		};
		B813C8F2251BD0EB00F063A3 /* Build configuration list for PBXNativeTarget "AQIUITests" */ = {
			isa = XCConfigurationList;
			buildConfigurations = (
				B813C8F3251BD0EB00F063A3 /* Debug */,
				B813C8F4251BD0EB00F063A3 /* Release */,
			);
			defaultConfigurationIsVisible = 0;
			defaultConfigurationName = Release;
		};
/* End XCConfigurationList section */
	};
	rootObject = B813C8BB251BD0E900F063A3 /* Project object */;
}
